
Microsoft Visual Studio Solution File, Format Version 12.00
# Visual Studio 15
VisualStudioVersion = 15.0.28010.2036
MinimumVisualStudioVersion = 10.0.40219.1
Project("{FAE04EC0-301F-11D3-BF4B-00C04F79EFBC}") = "CustomerDemo", "CustomerDemo\CustomerDemo.csproj", "{7D016B61-44A4-47E8-B096-92F918684BF9}"
EndProject
Global
	GlobalSection(SolutionConfigurationPlatforms) = preSolution
		Debug|Any CPU = Debug|Any CPU
		Release|Any CPU = Release|Any CPU
	EndGlobalSection
	GlobalSection(ProjectConfigurationPlatforms) = postSolution
		{7D016B61-44A4-47E8-B096-92F918684BF9}.Debug|Any CPU.ActiveCfg = Debug|Any CPU
		{7D016B61-44A4-47E8-B096-92F918684BF9}.Debug|Any CPU.Build.0 = Debug|Any CPU
		{7D016B61-44A4-47E8-B096-92F918684BF9}.Release|Any CPU.ActiveCfg = Release|Any CPU
		{7D016B61-44A4-47E8-B096-92F918684BF9}.Release|Any CPU.Build.0 = Release|Any CPU
	EndGlobalSection
	GlobalSection(SolutionProperties) = preSolution
		HideSolutionNode = FALSE
	EndGlobalSection
	GlobalSection(ExtensibilityGlobals) = postSolution
		SolutionGuid = {901C2C6A-9778-4B0B-9248-50FD60F6DF78}
	EndGlobalSection
EndGlobal
